
Microsoft Visual Studio Solution File, Format Version 12.00
# Visual Studio Version 17
VisualStudioVersion = 17.11.35208.52
MinimumVisualStudioVersion = 10.0.40219.1
Project("{FAE04EC0-301F-11D3-BF4B-00C04F79EFBC}") = "VueAppTest1Back", "VueAppTest1.Server\VueAppTest1Back.csproj", "{14E1B5ED-9364-4B71-9335-74CA084DD747}"
EndProject
Project("{54A90642-561A-4BB1-A94E-469ADEE60C69}") = "vueapptest1Front", "vueapptest1.client\vueapptest1Front.esproj", "{7B0FD587-3EA9-4D17-B7B0-AF00B0E6B437}"
EndProject
Global
	GlobalSection(SolutionConfigurationPlatforms) = preSolution
		Debug|Any CPU = Debug|Any CPU
		Release|Any CPU = Release|Any CPU
	EndGlobalSection
	GlobalSection(ProjectConfigurationPlatforms) = postSolution
		{14E1B5ED-9364-4B71-9335-74CA084DD747}.Debug|Any CPU.ActiveCfg = Debug|Any CPU
		{14E1B5ED-9364-4B71-9335-74CA084DD747}.Debug|Any CPU.Build.0 = Debug|Any CPU
		{14E1B5ED-9364-4B71-9335-74CA084DD747}.Release|Any CPU.ActiveCfg = Release|Any CPU
		{14E1B5ED-9364-4B71-9335-74CA084DD747}.Release|Any CPU.Build.0 = Release|Any CPU
		{7B0FD587-3EA9-4D17-B7B0-AF00B0E6B437}.Debug|Any CPU.ActiveCfg = Debug|Any CPU
		{7B0FD587-3EA9-4D17-B7B0-AF00B0E6B437}.Debug|Any CPU.Build.0 = Debug|Any CPU
		{7B0FD587-3EA9-4D17-B7B0-AF00B0E6B437}.Debug|Any CPU.Deploy.0 = Debug|Any CPU
		{7B0FD587-3EA9-4D17-B7B0-AF00B0E6B437}.Release|Any CPU.ActiveCfg = Release|Any CPU
		{7B0FD587-3EA9-4D17-B7B0-AF00B0E6B437}.Release|Any CPU.Build.0 = Release|Any CPU
		{7B0FD587-3EA9-4D17-B7B0-AF00B0E6B437}.Release|Any CPU.Deploy.0 = Release|Any CPU
	EndGlobalSection
	GlobalSection(SolutionProperties) = preSolution
		HideSolutionNode = FALSE
	EndGlobalSection
	GlobalSection(ExtensibilityGlobals) = postSolution
		SolutionGuid = {E15CBD15-EB5E-4BF3-8A75-27AED3220D82}
	EndGlobalSection
EndGlobal
